
Microsoft Visual Studio Solution File, Format Version 12.00
# Visual Studio Version 17
VisualStudioVersion = 17.14.36518.9 d17.14
MinimumVisualStudioVersion = 10.0.40219.1
Project("{8BC9CEB8-8B4A-11D0-8D11-00A0C91BC942}") = "C++_Test_2025_10_16", "C++_Test_2025_10_16\C++_Test_2025_10_16.vcxproj", "{4B9D4D74-387F-41EB-9C03-968E60F51A75}"
EndProject
Global
	GlobalSection(SolutionConfigurationPlatforms) = preSolution
		Debug|x64 = Debug|x64
		Debug|x86 = Debug|x86
		Release|x64 = Release|x64
		Release|x86 = Release|x86
	EndGlobalSection
	GlobalSection(ProjectConfigurationPlatforms) = postSolution
		{4B9D4D74-387F-41EB-9C03-968E60F51A75}.Debug|x64.ActiveCfg = Debug|x64
		{4B9D4D74-387F-41EB-9C03-968E60F51A75}.Debug|x64.Build.0 = Debug|x64
		{4B9D4D74-387F-41EB-9C03-968E60F51A75}.Debug|x86.ActiveCfg = Debug|Win32
		{4B9D4D74-387F-41EB-9C03-968E60F51A75}.Debug|x86.Build.0 = Debug|Win32
		{4B9D4D74-387F-41EB-9C03-968E60F51A75}.Release|x64.ActiveCfg = Release|x64
		{4B9D4D74-387F-41EB-9C03-968E60F51A75}.Release|x64.Build.0 = Release|x64
		{4B9D4D74-387F-41EB-9C03-968E60F51A75}.Release|x86.ActiveCfg = Release|Win32
		{4B9D4D74-387F-41EB-9C03-968E60F51A75}.Release|x86.Build.0 = Release|Win32
	EndGlobalSection
	GlobalSection(SolutionProperties) = preSolution
		HideSolutionNode = FALSE
	EndGlobalSection
	GlobalSection(ExtensibilityGlobals) = postSolution
		SolutionGuid = {BDD0E5AA-A3F5-4F69-A0A4-72EF7F39C3E6}
	EndGlobalSection
EndGlobal
