
Microsoft Visual Studio Solution File, Format Version 12.00
# Visual Studio Version 17
VisualStudioVersion = 17.14.36518.9 d17.14
MinimumVisualStudioVersion = 10.0.40219.1
Project("{8BC9CEB8-8B4A-11D0-8D11-00A0C91BC942}") = "C++_Test_2025_10_13", "C++_Test_2025_10_13\C++_Test_2025_10_13.vcxproj", "{432E42F7-B49D-4AC1-A16A-5CE38D859B93}"
EndProject
Global
	GlobalSection(SolutionConfigurationPlatforms) = preSolution
		Debug|x64 = Debug|x64
		Debug|x86 = Debug|x86
		Release|x64 = Release|x64
		Release|x86 = Release|x86
	EndGlobalSection
	GlobalSection(ProjectConfigurationPlatforms) = postSolution
		{432E42F7-B49D-4AC1-A16A-5CE38D859B93}.Debug|x64.ActiveCfg = Debug|x64
		{432E42F7-B49D-4AC1-A16A-5CE38D859B93}.Debug|x64.Build.0 = Debug|x64
		{432E42F7-B49D-4AC1-A16A-5CE38D859B93}.Debug|x86.ActiveCfg = Debug|Win32
		{432E42F7-B49D-4AC1-A16A-5CE38D859B93}.Debug|x86.Build.0 = Debug|Win32
		{432E42F7-B49D-4AC1-A16A-5CE38D859B93}.Release|x64.ActiveCfg = Release|x64
		{432E42F7-B49D-4AC1-A16A-5CE38D859B93}.Release|x64.Build.0 = Release|x64
		{432E42F7-B49D-4AC1-A16A-5CE38D859B93}.Release|x86.ActiveCfg = Release|Win32
		{432E42F7-B49D-4AC1-A16A-5CE38D859B93}.Release|x86.Build.0 = Release|Win32
	EndGlobalSection
	GlobalSection(SolutionProperties) = preSolution
		HideSolutionNode = FALSE
	EndGlobalSection
	GlobalSection(ExtensibilityGlobals) = postSolution
		SolutionGuid = {E6E2E8F1-8A96-4EE4-B2CD-EDDAE45D3520}
	EndGlobalSection
EndGlobal
